// !$*UTF8*$!
{
	archiveVersion = 1;
	classes = {
	};
	objectVersion = 50;
	objects = {

/* Begin PBXBuildFile section */
		35A06912243F953C005E6084 /* AppDelegate.swift in Sources */ = {isa = PBXBuildFile; fileRef = 35A06911243F953C005E6084 /* AppDelegate.swift */; };
		35A06914243F953C005E6084 /* SceneDelegate.swift in Sources */ = {isa = PBXBuildFile; fileRef = 35A06913243F953C005E6084 /* SceneDelegate.swift */; };
		35A06916243F953C005E6084 /* ContentView.swift in Sources */ = {isa = PBXBuildFile; fileRef = 35A06915243F953C005E6084 /* ContentView.swift */; };
		35A06918243F953D005E6084 /* Assets.xcassets in Resources */ = {isa = PBXBuildFile; fileRef = 35A06917243F953D005E6084 /* Assets.xcassets */; };
		35A0691B243F953D005E6084 /* Preview Assets.xcassets in Resources */ = {isa = PBXBuildFile; fileRef = 35A0691A243F953D005E6084 /* Preview Assets.xcassets */; };
		35A0691E243F953D005E6084 /* LaunchScreen.storyboard in Resources */ = {isa = PBXBuildFile; fileRef = 35A0691C243F953D005E6084 /* LaunchScreen.storyboard */; };
		35D75AE02440F4730046C145 /* resorts.json in Resources */ = {isa = PBXBuildFile; fileRef = 35D75ADF2440F4730046C145 /* resorts.json */; };
		35D75AE22440F4EB0046C145 /* Resort.swift in Sources */ = {isa = PBXBuildFile; fileRef = 35D75AE12440F4EB0046C145 /* Resort.swift */; };
		35D75AE42440F7780046C145 /* Bundle-Decodable.swift in Sources */ = {isa = PBXBuildFile; fileRef = 35D75AE32440F7780046C145 /* Bundle-Decodable.swift */; };
		35D75AE6244100B60046C145 /* ResortView.swift in Sources */ = {isa = PBXBuildFile; fileRef = 35D75AE5244100B60046C145 /* ResortView.swift */; };
		35D75AE8244102140046C145 /* SkiDetailsView.swift in Sources */ = {isa = PBXBuildFile; fileRef = 35D75AE7244102140046C145 /* SkiDetailsView.swift */; };
		35D75AEA244102B20046C145 /* ResortDetailsView.swift in Sources */ = {isa = PBXBuildFile; fileRef = 35D75AE9244102B20046C145 /* ResortDetailsView.swift */; };
		35FCF9C82441F6810096E095 /* Facility.swift in Sources */ = {isa = PBXBuildFile; fileRef = 35FCF9C72441F6810096E095 /* Facility.swift */; };
		35FCF9CA244208DB0096E095 /* Favorites.swift in Sources */ = {isa = PBXBuildFile; fileRef = 35FCF9C9244208DB0096E095 /* Favorites.swift */; };
/* End PBXBuildFile section */

/* Begin PBXFileReference section */
		35A0690E243F953C005E6084 /* SnowSeeker.app */ = {isa = PBXFileReference; explicitFileType = wrapper.application; includeInIndex = 0; path = SnowSeeker.app; sourceTree = BUILT_PRODUCTS_DIR; };
		35A06911243F953C005E6084 /* AppDelegate.swift */ = {isa = PBXFileReference; lastKnownFileType = sourcecode.swift; path = AppDelegate.swift; sourceTree = "<group>"; };
		35A06913243F953C005E6084 /* SceneDelegate.swift */ = {isa = PBXFileReference; lastKnownFileType = sourcecode.swift; path = SceneDelegate.swift; sourceTree = "<group>"; };
		35A06915243F953C005E6084 /* ContentView.swift */ = {isa = PBXFileReference; lastKnownFileType = sourcecode.swift; path = ContentView.swift; sourceTree = "<group>"; };
		35A06917243F953D005E6084 /* Assets.xcassets */ = {isa = PBXFileReference; lastKnownFileType = folder.assetcatalog; path = Assets.xcassets; sourceTree = "<group>"; };
		35A0691A243F953D005E6084 /* Preview Assets.xcassets */ = {isa = PBXFileReference; lastKnownFileType = folder.assetcatalog; path = "Preview Assets.xcassets"; sourceTree = "<group>"; };
		35A0691D243F953D005E6084 /* Base */ = {isa = PBXFileReference; lastKnownFileType = file.storyboard; name = Base; path = Base.lproj/LaunchScreen.storyboard; sourceTree = "<group>"; };
		35A0691F243F953D005E6084 /* Info.plist */ = {isa = PBXFileReference; lastKnownFileType = text.plist.xml; path = Info.plist; sourceTree = "<group>"; };
		35D75ADF2440F4730046C145 /* resorts.json */ = {isa = PBXFileReference; fileEncoding = 4; lastKnownFileType = text.json; path = resorts.json; sourceTree = "<group>"; };
		35D75AE12440F4EB0046C145 /* Resort.swift */ = {isa = PBXFileReference; lastKnownFileType = sourcecode.swift; path = Resort.swift; sourceTree = "<group>"; };
		35D75AE32440F7780046C145 /* Bundle-Decodable.swift */ = {isa = PBXFileReference; fileEncoding = 4; lastKnownFileType = sourcecode.swift; path = "Bundle-Decodable.swift"; sourceTree = "<group>"; };
		35D75AE5244100B60046C145 /* ResortView.swift */ = {isa = PBXFileReference; lastKnownFileType = sourcecode.swift; path = ResortView.swift; sourceTree = "<group>"; };
		35D75AE7244102140046C145 /* SkiDetailsView.swift */ = {isa = PBXFileReference; lastKnownFileType = sourcecode.swift; path = SkiDetailsView.swift; sourceTree = "<group>"; };
		35D75AE9244102B20046C145 /* ResortDetailsView.swift */ = {isa = PBXFileReference; lastKnownFileType = sourcecode.swift; path = ResortDetailsView.swift; sourceTree = "<group>"; };
		35FCF9C72441F6810096E095 /* Facility.swift */ = {isa = PBXFileReference; lastKnownFileType = sourcecode.swift; path = Facility.swift; sourceTree = "<group>"; };
		35FCF9C9244208DB0096E095 /* Favorites.swift */ = {isa = PBXFileReference; lastKnownFileType = sourcecode.swift; path = Favorites.swift; sourceTree = "<group>"; };
/* End PBXFileReference section */

/* Begin PBXFrameworksBuildPhase section */
		35A0690B243F953C005E6084 /* Frameworks */ = {
			isa = PBXFrameworksBuildPhase;
			buildActionMask = 2147483647;
			files = (
			);
			runOnlyForDeploymentPostprocessing = 0;
		};
/* End PBXFrameworksBuildPhase section */

/* Begin PBXGroup section */
		35A06905243F953B005E6084 = {
			isa = PBXGroup;
			children = (
				35A06910243F953C005E6084 /* SnowSeeker */,
				35A0690F243F953C005E6084 /* Products */,
			);
			sourceTree = "<group>";
		};
		35A0690F243F953C005E6084 /* Products */ = {
			isa = PBXGroup;
			children = (
				35A0690E243F953C005E6084 /* SnowSeeker.app */,
			);
			name = Products;
			sourceTree = "<group>";
		};
		35A06910243F953C005E6084 /* SnowSeeker */ = {
			isa = PBXGroup;
			children = (
				35A06911243F953C005E6084 /* AppDelegate.swift */,
				35A06913243F953C005E6084 /* SceneDelegate.swift */,
				35D75AE32440F7780046C145 /* Bundle-Decodable.swift */,
				35FCF9C9244208DB0096E095 /* Favorites.swift */,
				35FCF9C72441F6810096E095 /* Facility.swift */,
				35D75AE12440F4EB0046C145 /* Resort.swift */,
				35D75AE5244100B60046C145 /* ResortView.swift */,
				35D75AE9244102B20046C145 /* ResortDetailsView.swift */,
				35D75AE7244102140046C145 /* SkiDetailsView.swift */,
				35A06915243F953C005E6084 /* ContentView.swift */,
				35A06917243F953D005E6084 /* Assets.xcassets */,
				35D75ADF2440F4730046C145 /* resorts.json */,
				35A0691C243F953D005E6084 /* LaunchScreen.storyboard */,
				35A0691F243F953D005E6084 /* Info.plist */,
				35A06919243F953D005E6084 /* Preview Content */,
			);
			path = SnowSeeker;
			sourceTree = "<group>";
		};
		35A06919243F953D005E6084 /* Preview Content */ = {
			isa = PBXGroup;
			children = (
				35A0691A243F953D005E6084 /* Preview Assets.xcassets */,
			);
			path = "Preview Content";
			sourceTree = "<group>";
		};
/* End PBXGroup section */

/* Begin PBXNativeTarget section */
		35A0690D243F953C005E6084 /* SnowSeeker */ = {
			isa = PBXNativeTarget;
			buildConfigurationList = 35A06922243F953D005E6084 /* Build configuration list for PBXNativeTarget "SnowSeeker" */;
			buildPhases = (
				35A0690A243F953C005E6084 /* Sources */,
				35A0690B243F953C005E6084 /* Frameworks */,
				35A0690C243F953C005E6084 /* Resources */,
			);
			buildRules = (
			);
			dependencies = (
			);
			name = SnowSeeker;
			productName = SnowSeeker;
			productReference = 35A0690E243F953C005E6084 /* SnowSeeker.app */;
			productType = "com.apple.product-type.application";
		};
/* End PBXNativeTarget section */

/* Begin PBXProject section */
		35A06906243F953B005E6084 /* Project object */ = {
			isa = PBXProject;
			attributes = {
				LastSwiftUpdateCheck = 1140;
				LastUpgradeCheck = 1140;
				ORGANIZATIONNAME = "Dmitry Reshetnik";
				TargetAttributes = {
					35A0690D243F953C005E6084 = {
						CreatedOnToolsVersion = 11.4;
					};
				};
			};
			buildConfigurationList = 35A06909243F953B005E6084 /* Build configuration list for PBXProject "SnowSeeker" */;
			compatibilityVersion = "Xcode 9.3";
			developmentRegion = en;
			hasScannedForEncodings = 0;
			knownRegions = (
				en,
				Base,
			);
			mainGroup = 35A06905243F953B005E6084;
			productRefGroup = 35A0690F243F953C005E6084 /* Products */;
			projectDirPath = "";
			projectRoot = "";
			targets = (
				35A0690D243F953C005E6084 /* SnowSeeker */,
			);
		};
/* End PBXProject section */

/* Begin PBXResourcesBuildPhase section */
		35A0690C243F953C005E6084 /* Resources */ = {
			isa = PBXResourcesBuildPhase;
			buildActionMask = 2147483647;
			files = (
				35A0691E243F953D005E6084 /* LaunchScreen.storyboard in Resources */,
				35A0691B243F953D005E6084 /* Preview Assets.xcassets in Resources */,
				35D75AE02440F4730046C145 /* resorts.json in Resources */,
				35A06918243F953D005E6084 /* Assets.xcassets in Resources */,
			);
			runOnlyForDeploymentPostprocessing = 0;
		};
/* End PBXResourcesBuildPhase section */

/* Begin PBXSourcesBuildPhase section */
		35A0690A243F953C005E6084 /* Sources */ = {
			isa = PBXSourcesBuildPhase;
			buildActionMask = 2147483647;
			files = (
				35A06912243F953C005E6084 /* AppDelegate.swift in Sources */,
				35D75AE8244102140046C145 /* SkiDetailsView.swift in Sources */,
				35D75AEA244102B20046C145 /* ResortDetailsView.swift in Sources */,
				35FCF9CA244208DB0096E095 /* Favorites.swift in Sources */,
				35FCF9C82441F6810096E095 /* Facility.swift in Sources */,
				35A06914243F953C005E6084 /* SceneDelegate.swift in Sources */,
				35D75AE42440F7780046C145 /* Bundle-Decodable.swift in Sources */,
				35D75AE6244100B60046C145 /* ResortView.swift in Sources */,
				35D75AE22440F4EB0046C145 /* Resort.swift in Sources */,
				35A06916243F953C005E6084 /* ContentView.swift in Sources */,
			);
			runOnlyForDeploymentPostprocessing = 0;
		};
/* End PBXSourcesBuildPhase section */

/* Begin PBXVariantGroup section */
		35A0691C243F953D005E6084 /* LaunchScreen.storyboard */ = {
			isa = PBXVariantGroup;
			children = (
				35A0691D243F953D005E6084 /* Base */,
			);
			name = LaunchScreen.storyboard;
			sourceTree = "<group>";
		};
/* End PBXVariantGroup section */

/* Begin XCBuildConfiguration section */
		35A06920243F953D005E6084 /* Debug */ = {
			isa = XCBuildConfiguration;
			buildSettings = {
				ALWAYS_SEARCH_USER_PATHS = NO;
				CLANG_ANALYZER_NONNULL = YES;
				CLANG_ANALYZER_NUMBER_OBJECT_CONVERSION = YES_AGGRESSIVE;
				CLANG_CXX_LANGUAGE_STANDARD = "gnu++14";
				CLANG_CXX_LIBRARY = "libc++";
				CLANG_ENABLE_MODULES = YES;
				CLANG_ENABLE_OBJC_ARC = YES;
				CLANG_ENABLE_OBJC_WEAK = YES;
				CLANG_WARN_BLOCK_CAPTURE_AUTORELEASING = YES;
				CLANG_WARN_BOOL_CONVERSION = YES;
				CLANG_WARN_COMMA = YES;
				CLANG_WARN_CONSTANT_CONVERSION = YES;
				CLANG_WARN_DEPRECATED_OBJC_IMPLEMENTATIONS = YES;
				CLANG_WARN_DIRECT_OBJC_ISA_USAGE = YES_ERROR;
				CLANG_WARN_DOCUMENTATION_COMMENTS = YES;
				CLANG_WARN_EMPTY_BODY = YES;
				CLANG_WARN_ENUM_CONVERSION = YES;
				CLANG_WARN_INFINITE_RECURSION = YES;
				CLANG_WARN_INT_CONVERSION = YES;
				CLANG_WARN_NON_LITERAL_NULL_CONVERSION = YES;
				CLANG_WARN_OBJC_IMPLICIT_RETAIN_SELF = YES;
				CLANG_WARN_OBJC_LITERAL_CONVERSION = YES;
				CLANG_WARN_OBJC_ROOT_CLASS = YES_ERROR;
				CLANG_WARN_RANGE_LOOP_ANALYSIS = YES;
				CLANG_WARN_STRICT_PROTOTYPES = YES;
				CLANG_WARN_SUSPICIOUS_MOVE = YES;
				CLANG_WARN_UNGUARDED_AVAILABILITY = YES_AGGRESSIVE;
				CLANG_WARN_UNREACHABLE_CODE = YES;
				CLANG_WARN__DUPLICATE_METHOD_MATCH = YES;
				COPY_PHASE_STRIP = NO;
				DEBUG_INFORMATION_FORMAT = dwarf;
				ENABLE_STRICT_OBJC_MSGSEND = YES;
				ENABLE_TESTABILITY = YES;
				GCC_C_LANGUAGE_STANDARD = gnu11;
				GCC_DYNAMIC_NO_PIC = NO;
				GCC_NO_COMMON_BLOCKS = YES;
				GCC_OPTIMIZATION_LEVEL = 0;
				GCC_PREPROCESSOR_DEFINITIONS = (
					"DEBUG=1",
					"$(inherited)",
				);
				GCC_WARN_64_TO_32_BIT_CONVERSION = YES;
				GCC_WARN_ABOUT_RETURN_TYPE = YES_ERROR;
				GCC_WARN_UNDECLARED_SELECTOR = YES;
				GCC_WARN_UNINITIALIZED_AUTOS = YES_AGGRESSIVE;
				GCC_WARN_UNUSED_FUNCTION = YES;
				GCC_WARN_UNUSED_VARIABLE = YES;
				IPHONEOS_DEPLOYMENT_TARGET = 13.4;
				MTL_ENABLE_DEBUG_INFO = INCLUDE_SOURCE;
				MTL_FAST_MATH = YES;
				ONLY_ACTIVE_ARCH = YES;
				SDKROOT = iphoneos;
				SWIFT_ACTIVE_COMPILATION_CONDITIONS = DEBUG;
				SWIFT_OPTIMIZATION_LEVEL = "-Onone";
			};
			name = Debug;
		};
		35A06921243F953D005E6084 /* Release */ = {
			isa = XCBuildConfiguration;
			buildSettings = {
				ALWAYS_SEARCH_USER_PATHS = NO;
				CLANG_ANALYZER_NONNULL = YES;
				CLANG_ANALYZER_NUMBER_OBJECT_CONVERSION = YES_AGGRESSIVE;
				CLANG_CXX_LANGUAGE_STANDARD = "gnu++14";
				CLANG_CXX_LIBRARY = "libc++";
				CLANG_ENABLE_MODULES = YES;
				CLANG_ENABLE_OBJC_ARC = YES;
				CLANG_ENABLE_OBJC_WEAK = YES;
				CLANG_WARN_BLOCK_CAPTURE_AUTORELEASING = YES;
				CLANG_WARN_BOOL_CONVERSION = YES;
				CLANG_WARN_COMMA = YES;
				CLANG_WARN_CONSTANT_CONVERSION = YES;
				CLANG_WARN_DEPRECATED_OBJC_IMPLEMENTATIONS = YES;
				CLANG_WARN_DIRECT_OBJC_ISA_USAGE = YES_ERROR;
				CLANG_WARN_DOCUMENTATION_COMMENTS = YES;
				CLANG_WARN_EMPTY_BODY = YES;
				CLANG_WARN_ENUM_CONVERSION = YES;
				CLANG_WARN_INFINITE_RECURSION = YES;
				CLANG_WARN_INT_CONVERSION = YES;
				CLANG_WARN_NON_LITERAL_NULL_CONVERSION = YES;
				CLANG_WARN_OBJC_IMPLICIT_RETAIN_SELF = YES;
				CLANG_WARN_OBJC_LITERAL_CONVERSION = YES;
				CLANG_WARN_OBJC_ROOT_CLASS = YES_ERROR;
				CLANG_WARN_RANGE_LOOP_ANALYSIS = YES;
				CLANG_WARN_STRICT_PROTOTYPES = YES;
				CLANG_WARN_SUSPICIOUS_MOVE = YES;
				CLANG_WARN_UNGUARDED_AVAILABILITY = YES_AGGRESSIVE;
				CLANG_WARN_UNREACHABLE_CODE = YES;
				CLANG_WARN__DUPLICATE_METHOD_MATCH = YES;
				COPY_PHASE_STRIP = NO;
				DEBUG_INFORMATION_FORMAT = "dwarf-with-dsym";
				ENABLE_NS_ASSERTIONS = NO;
				ENABLE_STRICT_OBJC_MSGSEND = YES;
				GCC_C_LANGUAGE_STANDARD = gnu11;
				GCC_NO_COMMON_BLOCKS = YES;
				GCC_WARN_64_TO_32_BIT_CONVERSION = YES;
				GCC_WARN_ABOUT_RETURN_TYPE = YES_ERROR;
				GCC_WARN_UNDECLARED_SELECTOR = YES;
				GCC_WARN_UNINITIALIZED_AUTOS = YES_AGGRESSIVE;
				GCC_WARN_UNUSED_FUNCTION = YES;
				GCC_WARN_UNUSED_VARIABLE = YES;
				IPHONEOS_DEPLOYMENT_TARGET = 13.4;
				MTL_ENABLE_DEBUG_INFO = NO;
				MTL_FAST_MATH = YES;
				SDKROOT = iphoneos;
				SWIFT_COMPILATION_MODE = wholemodule;
				SWIFT_OPTIMIZATION_LEVEL = "-O";
				VALIDATE_PRODUCT = YES;
			};
			name = Release;
		};
		35A06923243F953D005E6084 /* Debug */ = {
			isa = XCBuildConfiguration;
			buildSettings = {
				ASSETCATALOG_COMPILER_APPICON_NAME = AppIcon;
				CODE_SIGN_STYLE = Automatic;
				DEVELOPMENT_ASSET_PATHS = "\"SnowSeeker/Preview Content\"";
				DEVELOPMENT_TEAM = 36JR7N2LBE;
				ENABLE_PREVIEWS = YES;
				INFOPLIST_FILE = SnowSeeker/Info.plist;
				LD_RUNPATH_SEARCH_PATHS = (
					"$(inherited)",
					"@executable_path/Frameworks",
				);
				PRODUCT_BUNDLE_IDENTIFIER = com.example.stanford.SnowSeeker;
				PRODUCT_NAME = "$(TARGET_NAME)";
				SWIFT_VERSION = 5.0;
				TARGETED_DEVICE_FAMILY = "1,2";
			};
			name = Debug;
		};
		35A06924243F953D005E6084 /* Release */ = {
			isa = XCBuildConfiguration;
			buildSettings = {
				ASSETCATALOG_COMPILER_APPICON_NAME = AppIcon;
				CODE_SIGN_STYLE = Automatic;
				DEVELOPMENT_ASSET_PATHS = "\"SnowSeeker/Preview Content\"";
				DEVELOPMENT_TEAM = 36JR7N2LBE;
				ENABLE_PREVIEWS = YES;
				INFOPLIST_FILE = SnowSeeker/Info.plist;
				LD_RUNPATH_SEARCH_PATHS = (
					"$(inherited)",
					"@executable_path/Frameworks",
				);
				PRODUCT_BUNDLE_IDENTIFIER = com.example.stanford.SnowSeeker;
				PRODUCT_NAME = "$(TARGET_NAME)";
				SWIFT_VERSION = 5.0;
				TARGETED_DEVICE_FAMILY = "1,2";
			};
			name = Release;
		};
/* End XCBuildConfiguration section */

/* Begin XCConfigurationList section */
		35A06909243F953B005E6084 /* Build configuration list for PBXProject "SnowSeeker" */ = {
			isa = XCConfigurationList;
			buildConfigurations = (
				35A06920243F953D005E6084 /* Debug */,
				35A06921243F953D005E6084 /* Release */,
			);
			defaultConfigurationIsVisible = 0;
			defaultConfigurationName = Release;
		};
		35A06922243F953D005E6084 /* Build configuration list for PBXNativeTarget "SnowSeeker" */ = {
			isa = XCConfigurationList;
			buildConfigurations = (
				35A06923243F953D005E6084 /* Debug */,
				35A06924243F953D005E6084 /* Release */,
			);
			defaultConfigurationIsVisible = 0;
			defaultConfigurationName = Release;
		};
/* End XCConfigurationList section */
	};
	rootObject = 35A06906243F953B005E6084 /* Project object */;
}
